// !$*UTF8*$!
{
	archiveVersion = 1;
	classes = {
	};
	objectVersion = 46;
	objects = {

/* Begin PBXBuildFile section */
		BA06B91A1DAFA6BB005D680E /* AppDelegate.swift in Sources */ = {isa = PBXBuildFile; fileRef = BA06B9101DAFA6BB005D680E /* AppDelegate.swift */; };
		BA06B91B1DAFA6BB005D680E /* Assets.xcassets in Resources */ = {isa = PBXBuildFile; fileRef = BA06B9111DAFA6BB005D680E /* Assets.xcassets */; };
		BA06B91C1DAFA6BB005D680E /* LaunchScreen.storyboard in Resources */ = {isa = PBXBuildFile; fileRef = BA06B9121DAFA6BB005D680E /* LaunchScreen.storyboard */; };
		BA06B91E1DAFA6BB005D680E /* Info.plist in Resources */ = {isa = PBXBuildFile; fileRef = BA06B9161DAFA6BB005D680E /* Info.plist */; };
		BA06B9251DAFA701005D680E /* Info.plist in Resources */ = {isa = PBXBuildFile; fileRef = BA06B9211DAFA701005D680E /* Info.plist */; };
		BA06B9261DAFA701005D680E /* gameVideosTests.swift in Sources */ = {isa = PBXBuildFile; fileRef = BA06B9221DAFA701005D680E /* gameVideosTests.swift */; };
		BA06B9281DAFA7B9005D680E /* main.swift in Sources */ = {isa = PBXBuildFile; fileRef = BA06B9271DAFA7B9005D680E /* main.swift */; };
		BA06B92B1DAFA88E005D680E /* PureLayout.framework in Frameworks */ = {isa = PBXBuildFile; fileRef = BA06B92A1DAFA88E005D680E /* PureLayout.framework */; };
		BA06B92E1DAFAACD005D680E /* ApiClient.swift in Sources */ = {isa = PBXBuildFile; fileRef = BA06B92D1DAFAACD005D680E /* ApiClient.swift */; };
		BA53BD551DC8DBCC00789CC6 /* YouTubeiOSPlayerHelper.framework in Frameworks */ = {isa = PBXBuildFile; fileRef = BA53BD541DC8DBCC00789CC6 /* YouTubeiOSPlayerHelper.framework */; };
		BA53BD571DC8DD0E00789CC6 /* VideoViewController.swift in Sources */ = {isa = PBXBuildFile; fileRef = BA53BD561DC8DD0E00789CC6 /* VideoViewController.swift */; };
		BA7FFE821DBE29500088027C /* Video.swift in Sources */ = {isa = PBXBuildFile; fileRef = BA7FFE811DBE29500088027C /* Video.swift */; };
		BA7FFE841DBE2B9B0088027C /* Parser.swift in Sources */ = {isa = PBXBuildFile; fileRef = BA7FFE831DBE2B9B0088027C /* Parser.swift */; };
		BA7FFE861DBE2D930088027C /* SwiftyJSON.framework in Frameworks */ = {isa = PBXBuildFile; fileRef = BA7FFE851DBE2D930088027C /* SwiftyJSON.framework */; };
		BA7FFE891DBE45A80088027C /* SearchTableViewCell.swift in Sources */ = {isa = PBXBuildFile; fileRef = BA7FFE871DBE45A80088027C /* SearchTableViewCell.swift */; };
		BA7FFE8A1DBE45A80088027C /* SearchViewController.swift in Sources */ = {isa = PBXBuildFile; fileRef = BA7FFE881DBE45A80088027C /* SearchViewController.swift */; };
		BA879C4F1DD0A4D7002C3871 /* TabBarController.swift in Sources */ = {isa = PBXBuildFile; fileRef = BA879C4E1DD0A4D7002C3871 /* TabBarController.swift */; };
		BA879C511DD0A61A002C3871 /* CategoryViewController.swift in Sources */ = {isa = PBXBuildFile; fileRef = BA879C501DD0A61A002C3871 /* CategoryViewController.swift */; };
		BA879C531DD0A759002C3871 /* Constants.swift in Sources */ = {isa = PBXBuildFile; fileRef = BA879C521DD0A759002C3871 /* Constants.swift */; };
		BA879C591DD0B8B0002C3871 /* WebImage.framework in Frameworks */ = {isa = PBXBuildFile; fileRef = BA879C581DD0B8B0002C3871 /* WebImage.framework */; };
		BACB090E1DD204A9007CF57A /* Search@2x.png in Resources */ = {isa = PBXBuildFile; fileRef = BACB090D1DD204A9007CF57A /* Search@2x.png */; };
		BACB09101DD204EA007CF57A /* Favorites@2x.png in Resources */ = {isa = PBXBuildFile; fileRef = BACB090F1DD204EA007CF57A /* Favorites@2x.png */; };
		BACB09121DD2051A007CF57A /* Top_Charts@2x.png in Resources */ = {isa = PBXBuildFile; fileRef = BACB09111DD2051A007CF57A /* Top_Charts@2x.png */; };
		BACB09141DD219F0007CF57A /* FavoriteViewController.swift in Sources */ = {isa = PBXBuildFile; fileRef = BACB09131DD219F0007CF57A /* FavoriteViewController.swift */; };
/* End PBXBuildFile section */

/* Begin PBXContainerItemProxy section */
		BA06B9011DAFA675005D680E /* PBXContainerItemProxy */ = {
			isa = PBXContainerItemProxy;
			containerPortal = BA06B8E41DAFA674005D680E /* Project object */;
			proxyType = 1;
			remoteGlobalIDString = BA06B8EB1DAFA674005D680E;
			remoteInfo = gameVideos;
		};
/* End PBXContainerItemProxy section */

/* Begin PBXFileReference section */
		BA06B8EC1DAFA674005D680E /* gameVideos.app */ = {isa = PBXFileReference; explicitFileType = wrapper.application; includeInIndex = 0; path = gameVideos.app; sourceTree = BUILT_PRODUCTS_DIR; };
		BA06B9001DAFA675005D680E /* gameVideosTests.xctest */ = {isa = PBXFileReference; explicitFileType = wrapper.cfbundle; includeInIndex = 0; path = gameVideosTests.xctest; sourceTree = BUILT_PRODUCTS_DIR; };
		BA06B9101DAFA6BB005D680E /* AppDelegate.swift */ = {isa = PBXFileReference; fileEncoding = 4; lastKnownFileType = sourcecode.swift; path = AppDelegate.swift; sourceTree = "<group>"; };
		BA06B9111DAFA6BB005D680E /* Assets.xcassets */ = {isa = PBXFileReference; lastKnownFileType = folder.assetcatalog; path = Assets.xcassets; sourceTree = "<group>"; };
		BA06B9131DAFA6BB005D680E /* Base */ = {isa = PBXFileReference; lastKnownFileType = file.storyboard; name = Base; path = Base.lproj/LaunchScreen.storyboard; sourceTree = "<group>"; };
		BA06B9161DAFA6BB005D680E /* Info.plist */ = {isa = PBXFileReference; fileEncoding = 4; lastKnownFileType = text.plist.xml; path = Info.plist; sourceTree = "<group>"; };
		BA06B9211DAFA701005D680E /* Info.plist */ = {isa = PBXFileReference; fileEncoding = 4; lastKnownFileType = text.plist.xml; path = Info.plist; sourceTree = "<group>"; };
		BA06B9221DAFA701005D680E /* gameVideosTests.swift */ = {isa = PBXFileReference; fileEncoding = 4; lastKnownFileType = sourcecode.swift; path = gameVideosTests.swift; sourceTree = "<group>"; };
		BA06B9271DAFA7B9005D680E /* main.swift */ = {isa = PBXFileReference; fileEncoding = 4; lastKnownFileType = sourcecode.swift; path = main.swift; sourceTree = "<group>"; };
		BA06B92A1DAFA88E005D680E /* PureLayout.framework */ = {isa = PBXFileReference; lastKnownFileType = wrapper.framework; name = PureLayout.framework; path = Carthage/Build/iOS/PureLayout.framework; sourceTree = "<group>"; };
		BA06B92D1DAFAACD005D680E /* ApiClient.swift */ = {isa = PBXFileReference; fileEncoding = 4; lastKnownFileType = sourcecode.swift; path = ApiClient.swift; sourceTree = "<group>"; };
		BA53BD541DC8DBCC00789CC6 /* YouTubeiOSPlayerHelper.framework */ = {isa = PBXFileReference; lastKnownFileType = wrapper.framework; name = YouTubeiOSPlayerHelper.framework; path = Carthage/Build/iOS/YouTubeiOSPlayerHelper.framework; sourceTree = "<group>"; };
		BA53BD561DC8DD0E00789CC6 /* VideoViewController.swift */ = {isa = PBXFileReference; fileEncoding = 4; lastKnownFileType = sourcecode.swift; path = VideoViewController.swift; sourceTree = "<group>"; };
		BA7FFE811DBE29500088027C /* Video.swift */ = {isa = PBXFileReference; fileEncoding = 4; lastKnownFileType = sourcecode.swift; path = Video.swift; sourceTree = "<group>"; };
		BA7FFE831DBE2B9B0088027C /* Parser.swift */ = {isa = PBXFileReference; fileEncoding = 4; lastKnownFileType = sourcecode.swift; path = Parser.swift; sourceTree = "<group>"; };
		BA7FFE851DBE2D930088027C /* SwiftyJSON.framework */ = {isa = PBXFileReference; lastKnownFileType = wrapper.framework; name = SwiftyJSON.framework; path = Carthage/Build/iOS/SwiftyJSON.framework; sourceTree = "<group>"; };
		BA7FFE871DBE45A80088027C /* SearchTableViewCell.swift */ = {isa = PBXFileReference; fileEncoding = 4; lastKnownFileType = sourcecode.swift; path = SearchTableViewCell.swift; sourceTree = "<group>"; };
		BA7FFE881DBE45A80088027C /* SearchViewController.swift */ = {isa = PBXFileReference; fileEncoding = 4; lastKnownFileType = sourcecode.swift; path = SearchViewController.swift; sourceTree = "<group>"; };
		BA879C4E1DD0A4D7002C3871 /* TabBarController.swift */ = {isa = PBXFileReference; fileEncoding = 4; lastKnownFileType = sourcecode.swift; path = TabBarController.swift; sourceTree = "<group>"; };
		BA879C501DD0A61A002C3871 /* CategoryViewController.swift */ = {isa = PBXFileReference; fileEncoding = 4; lastKnownFileType = sourcecode.swift; path = CategoryViewController.swift; sourceTree = "<group>"; };
		BA879C521DD0A759002C3871 /* Constants.swift */ = {isa = PBXFileReference; fileEncoding = 4; lastKnownFileType = sourcecode.swift; path = Constants.swift; sourceTree = "<group>"; };
		BA879C581DD0B8B0002C3871 /* WebImage.framework */ = {isa = PBXFileReference; lastKnownFileType = wrapper.framework; name = WebImage.framework; path = Carthage/Build/iOS/WebImage.framework; sourceTree = "<group>"; };
		BACB090D1DD204A9007CF57A /* Search@2x.png */ = {isa = PBXFileReference; lastKnownFileType = image.png; path = "Search@2x.png"; sourceTree = "<group>"; };
		BACB090F1DD204EA007CF57A /* Favorites@2x.png */ = {isa = PBXFileReference; lastKnownFileType = image.png; path = "Favorites@2x.png"; sourceTree = "<group>"; };
		BACB09111DD2051A007CF57A /* Top_Charts@2x.png */ = {isa = PBXFileReference; lastKnownFileType = image.png; path = "Top_Charts@2x.png"; sourceTree = "<group>"; };
		BACB09131DD219F0007CF57A /* FavoriteViewController.swift */ = {isa = PBXFileReference; fileEncoding = 4; lastKnownFileType = sourcecode.swift; path = FavoriteViewController.swift; sourceTree = "<group>"; };
/* End PBXFileReference section */

/* Begin PBXFrameworksBuildPhase section */
		BA06B8E91DAFA674005D680E /* Frameworks */ = {
			isa = PBXFrameworksBuildPhase;
			buildActionMask = 2147483647;
			files = (
				BA879C591DD0B8B0002C3871 /* WebImage.framework in Frameworks */,
				BA53BD551DC8DBCC00789CC6 /* YouTubeiOSPlayerHelper.framework in Frameworks */,
				BA7FFE861DBE2D930088027C /* SwiftyJSON.framework in Frameworks */,
				BA06B92B1DAFA88E005D680E /* PureLayout.framework in Frameworks */,
			);
			runOnlyForDeploymentPostprocessing = 0;
		};
		BA06B8FD1DAFA675005D680E /* Frameworks */ = {
			isa = PBXFrameworksBuildPhase;
			buildActionMask = 2147483647;
			files = (
			);
			runOnlyForDeploymentPostprocessing = 0;
		};
/* End PBXFrameworksBuildPhase section */

/* Begin PBXGroup section */
		BA06B8E31DAFA674005D680E = {
			isa = PBXGroup;
			children = (
				BACB08FA1DD1F758007CF57A /* resources */,
				BA06B8EE1DAFA674005D680E /* gameVideos */,
				BA06B9031DAFA675005D680E /* gameVideosTests */,
				BA06B8ED1DAFA674005D680E /* Products */,
				BA06B9291DAFA88E005D680E /* Frameworks */,
			);
			sourceTree = "<group>";
		};
		BA06B8ED1DAFA674005D680E /* Products */ = {
			isa = PBXGroup;
			children = (
				BA06B8EC1DAFA674005D680E /* gameVideos.app */,
				BA06B9001DAFA675005D680E /* gameVideosTests.xctest */,
			);
			name = Products;
			sourceTree = "<group>";
		};
		BA06B8EE1DAFA674005D680E /* gameVideos */ = {
			isa = PBXGroup;
			children = (
				BA06B90F1DAFA6BB005D680E /* Application */,
				BA06B9171DAFA6BB005D680E /* Components */,
				BA06B9181DAFA6BB005D680E /* UI */,
			);
			path = gameVideos;
			sourceTree = "<group>";
		};
		BA06B9031DAFA675005D680E /* gameVideosTests */ = {
			isa = PBXGroup;
			children = (
				BA06B9201DAFA701005D680E /* Application */,
				BA06B9231DAFA701005D680E /* Components */,
				BA06B9241DAFA701005D680E /* UI */,
			);
			path = gameVideosTests;
			sourceTree = "<group>";
		};
		BA06B90F1DAFA6BB005D680E /* Application */ = {
			isa = PBXGroup;
			children = (
				BA06B9101DAFA6BB005D680E /* AppDelegate.swift */,
				BA06B9111DAFA6BB005D680E /* Assets.xcassets */,
				BA06B9121DAFA6BB005D680E /* LaunchScreen.storyboard */,
				BA06B9161DAFA6BB005D680E /* Info.plist */,
				BA06B9271DAFA7B9005D680E /* main.swift */,
			);
			path = Application;
			sourceTree = "<group>";
		};
		BA06B9171DAFA6BB005D680E /* Components */ = {
			isa = PBXGroup;
			children = (
				BA06B92D1DAFAACD005D680E /* ApiClient.swift */,
				BA7FFE811DBE29500088027C /* Video.swift */,
				BA7FFE831DBE2B9B0088027C /* Parser.swift */,
				BA879C521DD0A759002C3871 /* Constants.swift */,
			);
			path = Components;
			sourceTree = "<group>";
		};
		BA06B9181DAFA6BB005D680E /* UI */ = {
			isa = PBXGroup;
			children = (
				BA7FFE871DBE45A80088027C /* SearchTableViewCell.swift */,
				BA7FFE881DBE45A80088027C /* SearchViewController.swift */,
				BA53BD561DC8DD0E00789CC6 /* VideoViewController.swift */,
				BA879C4E1DD0A4D7002C3871 /* TabBarController.swift */,
				BA879C501DD0A61A002C3871 /* CategoryViewController.swift */,
				BACB09131DD219F0007CF57A /* FavoriteViewController.swift */,
			);
			path = UI;
			sourceTree = "<group>";
		};
		BA06B9201DAFA701005D680E /* Application */ = {
			isa = PBXGroup;
			children = (
				BA06B9211DAFA701005D680E /* Info.plist */,
				BA06B9221DAFA701005D680E /* gameVideosTests.swift */,
			);
			path = Application;
			sourceTree = "<group>";
		};
		BA06B9231DAFA701005D680E /* Components */ = {
			isa = PBXGroup;
			children = (
			);
			path = Components;
			sourceTree = "<group>";
		};
		BA06B9241DAFA701005D680E /* UI */ = {
			isa = PBXGroup;
			children = (
			);
			path = UI;
			sourceTree = "<group>";
		};
		BA06B9291DAFA88E005D680E /* Frameworks */ = {
			isa = PBXGroup;
			children = (
				BA879C581DD0B8B0002C3871 /* WebImage.framework */,
				BA53BD541DC8DBCC00789CC6 /* YouTubeiOSPlayerHelper.framework */,
				BA7FFE851DBE2D930088027C /* SwiftyJSON.framework */,
				BA06B92A1DAFA88E005D680E /* PureLayout.framework */,
			);
			name = Frameworks;
			sourceTree = "<group>";
		};
		BACB08FA1DD1F758007CF57A /* resources */ = {
			isa = PBXGroup;
			children = (
				BACB090D1DD204A9007CF57A /* Search@2x.png */,
				BACB09111DD2051A007CF57A /* Top_Charts@2x.png */,
				BACB090F1DD204EA007CF57A /* Favorites@2x.png */,
			);
			name = resources;
			sourceTree = "<group>";
		};
/* End PBXGroup section */

/* Begin PBXNativeTarget section */
		BA06B8EB1DAFA674005D680E /* gameVideos */ = {
			isa = PBXNativeTarget;
			buildConfigurationList = BA06B9091DAFA675005D680E /* Build configuration list for PBXNativeTarget "gameVideos" */;
			buildPhases = (
				BA06B8E81DAFA674005D680E /* Sources */,
				BA06B8E91DAFA674005D680E /* Frameworks */,
				BA06B8EA1DAFA674005D680E /* Resources */,
				BA06B92C1DAFA894005D680E /* ShellScript */,
			);
			buildRules = (
			);
			dependencies = (
			);
			name = gameVideos;
			productName = gameVideos;
			productReference = BA06B8EC1DAFA674005D680E /* gameVideos.app */;
			productType = "com.apple.product-type.application";
		};
		BA06B8FF1DAFA675005D680E /* gameVideosTests */ = {
			isa = PBXNativeTarget;
			buildConfigurationList = BA06B90C1DAFA675005D680E /* Build configuration list for PBXNativeTarget "gameVideosTests" */;
			buildPhases = (
				BA06B8FC1DAFA675005D680E /* Sources */,
				BA06B8FD1DAFA675005D680E /* Frameworks */,
				BA06B8FE1DAFA675005D680E /* Resources */,
			);
			buildRules = (
			);
			dependencies = (
				BA06B9021DAFA675005D680E /* PBXTargetDependency */,
			);
			name = gameVideosTests;
			productName = gameVideosTests;
			productReference = BA06B9001DAFA675005D680E /* gameVideosTests.xctest */;
			productType = "com.apple.product-type.bundle.unit-test";
		};
/* End PBXNativeTarget section */

/* Begin PBXProject section */
		BA06B8E41DAFA674005D680E /* Project object */ = {
			isa = PBXProject;
			attributes = {
				LastSwiftUpdateCheck = 0800;
				LastUpgradeCheck = 0800;
				TargetAttributes = {
					BA06B8EB1DAFA674005D680E = {
						CreatedOnToolsVersion = 8.0;
						ProvisioningStyle = Automatic;
					};
					BA06B8FF1DAFA675005D680E = {
						CreatedOnToolsVersion = 8.0;
						ProvisioningStyle = Automatic;
						TestTargetID = BA06B8EB1DAFA674005D680E;
					};
				};
			};
			buildConfigurationList = BA06B8E71DAFA674005D680E /* Build configuration list for PBXProject "gameVideos" */;
			compatibilityVersion = "Xcode 3.2";
			developmentRegion = English;
			hasScannedForEncodings = 0;
			knownRegions = (
				en,
				Base,
			);
			mainGroup = BA06B8E31DAFA674005D680E;
			productRefGroup = BA06B8ED1DAFA674005D680E /* Products */;
			projectDirPath = "";
			projectRoot = "";
			targets = (
				BA06B8EB1DAFA674005D680E /* gameVideos */,
				BA06B8FF1DAFA675005D680E /* gameVideosTests */,
			);
		};
/* End PBXProject section */

/* Begin PBXResourcesBuildPhase section */
		BA06B8EA1DAFA674005D680E /* Resources */ = {
			isa = PBXResourcesBuildPhase;
			buildActionMask = 2147483647;
			files = (
				BACB09101DD204EA007CF57A /* Favorites@2x.png in Resources */,
				BA06B91E1DAFA6BB005D680E /* Info.plist in Resources */,
				BA06B91B1DAFA6BB005D680E /* Assets.xcassets in Resources */,
				BACB090E1DD204A9007CF57A /* Search@2x.png in Resources */,
				BA06B91C1DAFA6BB005D680E /* LaunchScreen.storyboard in Resources */,
				BACB09121DD2051A007CF57A /* Top_Charts@2x.png in Resources */,
			);
			runOnlyForDeploymentPostprocessing = 0;
		};
		BA06B8FE1DAFA675005D680E /* Resources */ = {
			isa = PBXResourcesBuildPhase;
			buildActionMask = 2147483647;
			files = (
				BA06B9251DAFA701005D680E /* Info.plist in Resources */,
			);
			runOnlyForDeploymentPostprocessing = 0;
		};
/* End PBXResourcesBuildPhase section */

/* Begin PBXShellScriptBuildPhase section */
		BA06B92C1DAFA894005D680E /* ShellScript */ = {
			isa = PBXShellScriptBuildPhase;
			buildActionMask = 2147483647;
			files = (
			);
			inputPaths = (
				"$(SRCROOT)/Carthage/Build/iOS/PureLayout.framework",
				"$(SRCROOT)/Carthage/Build/iOS/SwiftyJSON.framework",
				"$(SRCROOT)/Carthage/Build/iOS/YouTubeiOSPlayerHelper.framework",
				"$(SRCROOT)/Carthage/Build/iOS/WebImage.framework",
			);
			outputPaths = (
			);
			runOnlyForDeploymentPostprocessing = 0;
			shellPath = /bin/sh;
			shellScript = "/usr/local/bin/carthage copy-frameworks";
		};
/* End PBXShellScriptBuildPhase section */

/* Begin PBXSourcesBuildPhase section */
		BA06B8E81DAFA674005D680E /* Sources */ = {
			isa = PBXSourcesBuildPhase;
			buildActionMask = 2147483647;
			files = (
				BA879C511DD0A61A002C3871 /* CategoryViewController.swift in Sources */,
				BA06B91A1DAFA6BB005D680E /* AppDelegate.swift in Sources */,
				BA7FFE8A1DBE45A80088027C /* SearchViewController.swift in Sources */,
				BA53BD571DC8DD0E00789CC6 /* VideoViewController.swift in Sources */,
				BA879C4F1DD0A4D7002C3871 /* TabBarController.swift in Sources */,
				BA06B9281DAFA7B9005D680E /* main.swift in Sources */,
				BA06B92E1DAFAACD005D680E /* ApiClient.swift in Sources */,
				BA7FFE821DBE29500088027C /* Video.swift in Sources */,
				BA7FFE891DBE45A80088027C /* SearchTableViewCell.swift in Sources */,
				BA7FFE841DBE2B9B0088027C /* Parser.swift in Sources */,
				BACB09141DD219F0007CF57A /* FavoriteViewController.swift in Sources */,
				BA879C531DD0A759002C3871 /* Constants.swift in Sources */,
			);
			runOnlyForDeploymentPostprocessing = 0;
		};
		BA06B8FC1DAFA675005D680E /* Sources */ = {
			isa = PBXSourcesBuildPhase;
			buildActionMask = 2147483647;
			files = (
				BA06B9261DAFA701005D680E /* gameVideosTests.swift in Sources */,
			);
			runOnlyForDeploymentPostprocessing = 0;
		};
/* End PBXSourcesBuildPhase section */

/* Begin PBXTargetDependency section */
		BA06B9021DAFA675005D680E /* PBXTargetDependency */ = {
			isa = PBXTargetDependency;
			target = BA06B8EB1DAFA674005D680E /* gameVideos */;
			targetProxy = BA06B9011DAFA675005D680E /* PBXContainerItemProxy */;
		};
/* End PBXTargetDependency section */

/* Begin PBXVariantGroup section */
		BA06B9121DAFA6BB005D680E /* LaunchScreen.storyboard */ = {
			isa = PBXVariantGroup;
			children = (
				BA06B9131DAFA6BB005D680E /* Base */,
			);
			name = LaunchScreen.storyboard;
			sourceTree = "<group>";
		};
/* End PBXVariantGroup section */

/* Begin XCBuildConfiguration section */
		BA06B9071DAFA675005D680E /* Debug */ = {
			isa = XCBuildConfiguration;
			buildSettings = {
				ALWAYS_SEARCH_USER_PATHS = NO;
				CLANG_ANALYZER_NONNULL = YES;
				CLANG_CXX_LANGUAGE_STANDARD = "gnu++0x";
				CLANG_CXX_LIBRARY = "libc++";
				CLANG_ENABLE_MODULES = YES;
				CLANG_ENABLE_OBJC_ARC = YES;
				CLANG_WARN_BOOL_CONVERSION = YES;
				CLANG_WARN_CONSTANT_CONVERSION = YES;
				CLANG_WARN_DIRECT_OBJC_ISA_USAGE = YES_ERROR;
				CLANG_WARN_DOCUMENTATION_COMMENTS = YES;
				CLANG_WARN_EMPTY_BODY = YES;
				CLANG_WARN_ENUM_CONVERSION = YES;
				CLANG_WARN_INFINITE_RECURSION = YES;
				CLANG_WARN_INT_CONVERSION = YES;
				CLANG_WARN_OBJC_ROOT_CLASS = YES_ERROR;
				CLANG_WARN_SUSPICIOUS_MOVES = YES;
				CLANG_WARN_UNREACHABLE_CODE = YES;
				CLANG_WARN__DUPLICATE_METHOD_MATCH = YES;
				"CODE_SIGN_IDENTITY[sdk=iphoneos*]" = "iPhone Developer";
				COPY_PHASE_STRIP = NO;
				DEBUG_INFORMATION_FORMAT = dwarf;
				ENABLE_STRICT_OBJC_MSGSEND = YES;
				ENABLE_TESTABILITY = YES;
				GCC_C_LANGUAGE_STANDARD = gnu99;
				GCC_DYNAMIC_NO_PIC = NO;
				GCC_NO_COMMON_BLOCKS = YES;
				GCC_OPTIMIZATION_LEVEL = 0;
				GCC_PREPROCESSOR_DEFINITIONS = (
					"DEBUG=1",
					"$(inherited)",
				);
				GCC_WARN_64_TO_32_BIT_CONVERSION = YES;
				GCC_WARN_ABOUT_RETURN_TYPE = YES_ERROR;
				GCC_WARN_UNDECLARED_SELECTOR = YES;
				GCC_WARN_UNINITIALIZED_AUTOS = YES_AGGRESSIVE;
				GCC_WARN_UNUSED_FUNCTION = YES;
				GCC_WARN_UNUSED_VARIABLE = YES;
				IPHONEOS_DEPLOYMENT_TARGET = 10.0;
				MTL_ENABLE_DEBUG_INFO = YES;
				ONLY_ACTIVE_ARCH = YES;
				SDKROOT = iphoneos;
				SWIFT_ACTIVE_COMPILATION_CONDITIONS = DEBUG;
				SWIFT_OPTIMIZATION_LEVEL = "-Onone";
			};
			name = Debug;
		};
		BA06B9081DAFA675005D680E /* Release */ = {
			isa = XCBuildConfiguration;
			buildSettings = {
				ALWAYS_SEARCH_USER_PATHS = NO;
				CLANG_ANALYZER_NONNULL = YES;
				CLANG_CXX_LANGUAGE_STANDARD = "gnu++0x";
				CLANG_CXX_LIBRARY = "libc++";
				CLANG_ENABLE_MODULES = YES;
				CLANG_ENABLE_OBJC_ARC = YES;
				CLANG_WARN_BOOL_CONVERSION = YES;
				CLANG_WARN_CONSTANT_CONVERSION = YES;
				CLANG_WARN_DIRECT_OBJC_ISA_USAGE = YES_ERROR;
				CLANG_WARN_DOCUMENTATION_COMMENTS = YES;
				CLANG_WARN_EMPTY_BODY = YES;
				CLANG_WARN_ENUM_CONVERSION = YES;
				CLANG_WARN_INFINITE_RECURSION = YES;
				CLANG_WARN_INT_CONVERSION = YES;
				CLANG_WARN_OBJC_ROOT_CLASS = YES_ERROR;
				CLANG_WARN_SUSPICIOUS_MOVES = YES;
				CLANG_WARN_UNREACHABLE_CODE = YES;
				CLANG_WARN__DUPLICATE_METHOD_MATCH = YES;
				"CODE_SIGN_IDENTITY[sdk=iphoneos*]" = "iPhone Developer";
				COPY_PHASE_STRIP = NO;
				DEBUG_INFORMATION_FORMAT = "dwarf-with-dsym";
				ENABLE_NS_ASSERTIONS = NO;
				ENABLE_STRICT_OBJC_MSGSEND = YES;
				GCC_C_LANGUAGE_STANDARD = gnu99;
				GCC_NO_COMMON_BLOCKS = YES;
				GCC_WARN_64_TO_32_BIT_CONVERSION = YES;
				GCC_WARN_ABOUT_RETURN_TYPE = YES_ERROR;
				GCC_WARN_UNDECLARED_SELECTOR = YES;
				GCC_WARN_UNINITIALIZED_AUTOS = YES_AGGRESSIVE;
				GCC_WARN_UNUSED_FUNCTION = YES;
				GCC_WARN_UNUSED_VARIABLE = YES;
				IPHONEOS_DEPLOYMENT_TARGET = 10.0;
				MTL_ENABLE_DEBUG_INFO = NO;
				SDKROOT = iphoneos;
				SWIFT_OPTIMIZATION_LEVEL = "-Owholemodule";
				VALIDATE_PRODUCT = YES;
			};
			name = Release;
		};
		BA06B90A1DAFA675005D680E /* Debug */ = {
			isa = XCBuildConfiguration;
			buildSettings = {
				ASSETCATALOG_COMPILER_APPICON_NAME = AppIcon;
				FRAMEWORK_SEARCH_PATHS = (
					"$(inherited)",
					"$(PROJECT_DIR)/Carthage/Build/iOS",
				);
				INFOPLIST_FILE = "$(SRCROOT)/gameVideos/Application/Info.plist";
				LD_RUNPATH_SEARCH_PATHS = "$(inherited) @executable_path/Frameworks";
				PRODUCT_BUNDLE_IDENTIFIER = com.menomoto.gameVideos;
				PRODUCT_NAME = "$(TARGET_NAME)";
				SWIFT_VERSION = 2.3;
			};
			name = Debug;
		};
		BA06B90B1DAFA675005D680E /* Release */ = {
			isa = XCBuildConfiguration;
			buildSettings = {
				ASSETCATALOG_COMPILER_APPICON_NAME = AppIcon;
				FRAMEWORK_SEARCH_PATHS = (
					"$(inherited)",
					"$(PROJECT_DIR)/Carthage/Build/iOS",
				);
				INFOPLIST_FILE = "$(SRCROOT)/gameVideos/Application/Info.plist";
				LD_RUNPATH_SEARCH_PATHS = "$(inherited) @executable_path/Frameworks";
				PRODUCT_BUNDLE_IDENTIFIER = com.menomoto.gameVideos;
				PRODUCT_NAME = "$(TARGET_NAME)";
				SWIFT_VERSION = 2.3;
			};
			name = Release;
		};
		BA06B90D1DAFA675005D680E /* Debug */ = {
			isa = XCBuildConfiguration;
			buildSettings = {
				ALWAYS_EMBED_SWIFT_STANDARD_LIBRARIES = YES;
				BUNDLE_LOADER = "$(TEST_HOST)";
				INFOPLIST_FILE = gameVideosTests/Application/Info.plist;
				LD_RUNPATH_SEARCH_PATHS = "$(inherited) @executable_path/Frameworks @loader_path/Frameworks";
				PRODUCT_BUNDLE_IDENTIFIER = com.menomoto.gameVideosTests;
				PRODUCT_NAME = "$(TARGET_NAME)";
				SWIFT_VERSION = 2.3;
				TEST_HOST = "$(BUILT_PRODUCTS_DIR)/gameVideos.app/gameVideos";
			};
			name = Debug;
		};
		BA06B90E1DAFA675005D680E /* Release */ = {
			isa = XCBuildConfiguration;
			buildSettings = {
				ALWAYS_EMBED_SWIFT_STANDARD_LIBRARIES = YES;
				BUNDLE_LOADER = "$(TEST_HOST)";
				INFOPLIST_FILE = gameVideosTests/Application/Info.plist;
				LD_RUNPATH_SEARCH_PATHS = "$(inherited) @executable_path/Frameworks @loader_path/Frameworks";
				PRODUCT_BUNDLE_IDENTIFIER = com.menomoto.gameVideosTests;
				PRODUCT_NAME = "$(TARGET_NAME)";
				SWIFT_VERSION = 2.3;
				TEST_HOST = "$(BUILT_PRODUCTS_DIR)/gameVideos.app/gameVideos";
			};
			name = Release;
		};
/* End XCBuildConfiguration section */

/* Begin XCConfigurationList section */
		BA06B8E71DAFA674005D680E /* Build configuration list for PBXProject "gameVideos" */ = {
			isa = XCConfigurationList;
			buildConfigurations = (
				BA06B9071DAFA675005D680E /* Debug */,
				BA06B9081DAFA675005D680E /* Release */,
			);
			defaultConfigurationIsVisible = 0;
			defaultConfigurationName = Release;
		};
		BA06B9091DAFA675005D680E /* Build configuration list for PBXNativeTarget "gameVideos" */ = {
			isa = XCConfigurationList;
			buildConfigurations = (
				BA06B90A1DAFA675005D680E /* Debug */,
				BA06B90B1DAFA675005D680E /* Release */,
			);
			defaultConfigurationIsVisible = 0;
			defaultConfigurationName = Release;
		};
		BA06B90C1DAFA675005D680E /* Build configuration list for PBXNativeTarget "gameVideosTests" */ = {
			isa = XCConfigurationList;
			buildConfigurations = (
				BA06B90D1DAFA675005D680E /* Debug */,
				BA06B90E1DAFA675005D680E /* Release */,
			);
			defaultConfigurationIsVisible = 0;
			defaultConfigurationName = Release;
		};
/* End XCConfigurationList section */
	};
	rootObject = BA06B8E41DAFA674005D680E /* Project object */;
}
